
Microsoft Visual Studio Solution File, Format Version 12.00
# Visual Studio Version 17
VisualStudioVersion = 17.4.33213.308
MinimumVisualStudioVersion = 10.0.40219.1
Project("{8BC9CEB8-8B4A-11D0-8D11-00A0C91BC942}") = "DataStruct", "DataStruct.vcxproj", "{EAE53DC3-FD87-4891-AA0A-C44674D255A4}"
EndProject
Project("{8BC9CEB8-8B4A-11D0-8D11-00A0C91BC942}") = "SingleLinkedList", "..\SingleLinkedList\SingleLinkedList.vcxproj", "{6F278C16-E7A1-4CE9-B2C0-C08985037337}"
EndProject
Project("{8BC9CEB8-8B4A-11D0-8D11-00A0C91BC942}") = "List_Function", "..\List_Function\List_Function.vcxproj", "{07A4A3B3-1B88-49CB-A6B0-27F4025C6414}"
EndProject
Project("{8BC9CEB8-8B4A-11D0-8D11-00A0C91BC942}") = "더블링크드리스트", "..\더블링크드리스트\더블링크드리스트.vcxproj", "{839CC979-8393-4607-A3EA-A250208A61D0}"
EndProject
Project("{8BC9CEB8-8B4A-11D0-8D11-00A0C91BC942}") = "Bubble_Sort", "..\Bubble_Sort\Bubble_Sort.vcxproj", "{6CEC438D-6F2B-46EA-AE42-23058442AF5D}"
EndProject
Project("{8BC9CEB8-8B4A-11D0-8D11-00A0C91BC942}") = "Select_Sort", "..\Select_Sort\Select_Sort.vcxproj", "{64CCE8FB-4776-4A15-89C3-31E20487E494}"
EndProject
Project("{8BC9CEB8-8B4A-11D0-8D11-00A0C91BC942}") = "LinearQueue", "..\LinearQueue\LinearQueue.vcxproj", "{40D939C3-8121-4465-B385-1A591610184F}"
EndProject
Project("{8BC9CEB8-8B4A-11D0-8D11-00A0C91BC942}") = "CircleQueue", "CircleQueue\CircleQueue.vcxproj", "{1CDB63B5-2A17-4D5B-A75A-1D1DE0479701}"
EndProject
Project("{8BC9CEB8-8B4A-11D0-8D11-00A0C91BC942}") = "Stack", "..\Stack\Stack.vcxproj", "{5976F311-686D-4782-A24B-E8A9FC69DBDF}"
EndProject
Project("{8BC9CEB8-8B4A-11D0-8D11-00A0C91BC942}") = "InsertSort", "..\InsertSort\InsertSort.vcxproj", "{AE628AD6-BC0F-48AA-B184-CD7429639B91}"
EndProject
Project("{8BC9CEB8-8B4A-11D0-8D11-00A0C91BC942}") = "Binary_Tree", "..\Binary_Tree\Binary_Tree.vcxproj", "{359E5D4F-D17F-4CC4-8632-184B0BFB6D29}"
EndProject
Project("{8BC9CEB8-8B4A-11D0-8D11-00A0C91BC942}") = "CountSort", "..\CountSort\CountSort.vcxproj", "{EDB0EE49-CE1F-427C-B4DE-27776B5A4781}"
EndProject
Project("{8BC9CEB8-8B4A-11D0-8D11-00A0C91BC942}") = "Heap", "Heap\Heap.vcxproj", "{9DAA0C7C-1B77-444A-8AFC-CFCC2EBEABF3}"
EndProject
Project("{8BC9CEB8-8B4A-11D0-8D11-00A0C91BC942}") = "HashTable", "..\HashTable\HashTable.vcxproj", "{752A08BF-A0B1-4F25-AFA1-9C082DA86082}"
EndProject
Project("{8BC9CEB8-8B4A-11D0-8D11-00A0C91BC942}") = "QuickSort", "..\QuickSort\QuickSort.vcxproj", "{7B7D72D1-8582-40FA-8F3A-75CE944D889C}"
EndProject
Global
	GlobalSection(SolutionConfigurationPlatforms) = preSolution
		Debug|x64 = Debug|x64
		Debug|x86 = Debug|x86
		Release|x64 = Release|x64
		Release|x86 = Release|x86
	EndGlobalSection
	GlobalSection(ProjectConfigurationPlatforms) = postSolution
		{EAE53DC3-FD87-4891-AA0A-C44674D255A4}.Debug|x64.ActiveCfg = Debug|x64
		{EAE53DC3-FD87-4891-AA0A-C44674D255A4}.Debug|x64.Build.0 = Debug|x64
		{EAE53DC3-FD87-4891-AA0A-C44674D255A4}.Debug|x86.ActiveCfg = Debug|Win32
		{EAE53DC3-FD87-4891-AA0A-C44674D255A4}.Debug|x86.Build.0 = Debug|Win32
		{EAE53DC3-FD87-4891-AA0A-C44674D255A4}.Release|x64.ActiveCfg = Release|x64
		{EAE53DC3-FD87-4891-AA0A-C44674D255A4}.Release|x64.Build.0 = Release|x64
		{EAE53DC3-FD87-4891-AA0A-C44674D255A4}.Release|x86.ActiveCfg = Release|Win32
		{EAE53DC3-FD87-4891-AA0A-C44674D255A4}.Release|x86.Build.0 = Release|Win32
		{6F278C16-E7A1-4CE9-B2C0-C08985037337}.Debug|x64.ActiveCfg = Debug|x64
		{6F278C16-E7A1-4CE9-B2C0-C08985037337}.Debug|x64.Build.0 = Debug|x64
		{6F278C16-E7A1-4CE9-B2C0-C08985037337}.Debug|x86.ActiveCfg = Debug|Win32
		{6F278C16-E7A1-4CE9-B2C0-C08985037337}.Debug|x86.Build.0 = Debug|Win32
		{6F278C16-E7A1-4CE9-B2C0-C08985037337}.Release|x64.ActiveCfg = Release|x64
		{6F278C16-E7A1-4CE9-B2C0-C08985037337}.Release|x64.Build.0 = Release|x64
		{6F278C16-E7A1-4CE9-B2C0-C08985037337}.Release|x86.ActiveCfg = Release|Win32
		{6F278C16-E7A1-4CE9-B2C0-C08985037337}.Release|x86.Build.0 = Release|Win32
		{07A4A3B3-1B88-49CB-A6B0-27F4025C6414}.Debug|x64.ActiveCfg = Debug|x64
		{07A4A3B3-1B88-49CB-A6B0-27F4025C6414}.Debug|x64.Build.0 = Debug|x64
		{07A4A3B3-1B88-49CB-A6B0-27F4025C6414}.Debug|x86.ActiveCfg = Debug|Win32
		{07A4A3B3-1B88-49CB-A6B0-27F4025C6414}.Debug|x86.Build.0 = Debug|Win32
		{07A4A3B3-1B88-49CB-A6B0-27F4025C6414}.Release|x64.ActiveCfg = Release|x64
		{07A4A3B3-1B88-49CB-A6B0-27F4025C6414}.Release|x64.Build.0 = Release|x64
		{07A4A3B3-1B88-49CB-A6B0-27F4025C6414}.Release|x86.ActiveCfg = Release|Win32
		{07A4A3B3-1B88-49CB-A6B0-27F4025C6414}.Release|x86.Build.0 = Release|Win32
		{839CC979-8393-4607-A3EA-A250208A61D0}.Debug|x64.ActiveCfg = Debug|x64
		{839CC979-8393-4607-A3EA-A250208A61D0}.Debug|x64.Build.0 = Debug|x64
		{839CC979-8393-4607-A3EA-A250208A61D0}.Debug|x86.ActiveCfg = Debug|Win32
		{839CC979-8393-4607-A3EA-A250208A61D0}.Debug|x86.Build.0 = Debug|Win32
		{839CC979-8393-4607-A3EA-A250208A61D0}.Release|x64.ActiveCfg = Release|x64
		{839CC979-8393-4607-A3EA-A250208A61D0}.Release|x64.Build.0 = Release|x64
		{839CC979-8393-4607-A3EA-A250208A61D0}.Release|x86.ActiveCfg = Release|Win32
		{839CC979-8393-4607-A3EA-A250208A61D0}.Release|x86.Build.0 = Release|Win32
		{6CEC438D-6F2B-46EA-AE42-23058442AF5D}.Debug|x64.ActiveCfg = Debug|x64
		{6CEC438D-6F2B-46EA-AE42-23058442AF5D}.Debug|x64.Build.0 = Debug|x64
		{6CEC438D-6F2B-46EA-AE42-23058442AF5D}.Debug|x86.ActiveCfg = Debug|Win32
		{6CEC438D-6F2B-46EA-AE42-23058442AF5D}.Debug|x86.Build.0 = Debug|Win32
		{6CEC438D-6F2B-46EA-AE42-23058442AF5D}.Release|x64.ActiveCfg = Release|x64
		{6CEC438D-6F2B-46EA-AE42-23058442AF5D}.Release|x64.Build.0 = Release|x64
		{6CEC438D-6F2B-46EA-AE42-23058442AF5D}.Release|x86.ActiveCfg = Release|Win32
		{6CEC438D-6F2B-46EA-AE42-23058442AF5D}.Release|x86.Build.0 = Release|Win32
		{64CCE8FB-4776-4A15-89C3-31E20487E494}.Debug|x64.ActiveCfg = Debug|x64
		{64CCE8FB-4776-4A15-89C3-31E20487E494}.Debug|x64.Build.0 = Debug|x64
		{64CCE8FB-4776-4A15-89C3-31E20487E494}.Debug|x86.ActiveCfg = Debug|Win32
		{64CCE8FB-4776-4A15-89C3-31E20487E494}.Debug|x86.Build.0 = Debug|Win32
		{64CCE8FB-4776-4A15-89C3-31E20487E494}.Release|x64.ActiveCfg = Release|x64
		{64CCE8FB-4776-4A15-89C3-31E20487E494}.Release|x64.Build.0 = Release|x64
		{64CCE8FB-4776-4A15-89C3-31E20487E494}.Release|x86.ActiveCfg = Release|Win32
		{64CCE8FB-4776-4A15-89C3-31E20487E494}.Release|x86.Build.0 = Release|Win32
		{40D939C3-8121-4465-B385-1A591610184F}.Debug|x64.ActiveCfg = Debug|x64
		{40D939C3-8121-4465-B385-1A591610184F}.Debug|x64.Build.0 = Debug|x64
		{40D939C3-8121-4465-B385-1A591610184F}.Debug|x86.ActiveCfg = Debug|Win32
		{40D939C3-8121-4465-B385-1A591610184F}.Debug|x86.Build.0 = Debug|Win32
		{40D939C3-8121-4465-B385-1A591610184F}.Release|x64.ActiveCfg = Release|x64
		{40D939C3-8121-4465-B385-1A591610184F}.Release|x64.Build.0 = Release|x64
		{40D939C3-8121-4465-B385-1A591610184F}.Release|x86.ActiveCfg = Release|Win32
		{40D939C3-8121-4465-B385-1A591610184F}.Release|x86.Build.0 = Release|Win32
		{1CDB63B5-2A17-4D5B-A75A-1D1DE0479701}.Debug|x64.ActiveCfg = Debug|x64
		{1CDB63B5-2A17-4D5B-A75A-1D1DE0479701}.Debug|x64.Build.0 = Debug|x64
		{1CDB63B5-2A17-4D5B-A75A-1D1DE0479701}.Debug|x86.ActiveCfg = Debug|Win32
		{1CDB63B5-2A17-4D5B-A75A-1D1DE0479701}.Debug|x86.Build.0 = Debug|Win32
		{1CDB63B5-2A17-4D5B-A75A-1D1DE0479701}.Release|x64.ActiveCfg = Release|x64
		{1CDB63B5-2A17-4D5B-A75A-1D1DE0479701}.Release|x64.Build.0 = Release|x64
		{1CDB63B5-2A17-4D5B-A75A-1D1DE0479701}.Release|x86.ActiveCfg = Release|Win32
		{1CDB63B5-2A17-4D5B-A75A-1D1DE0479701}.Release|x86.Build.0 = Release|Win32
		{5976F311-686D-4782-A24B-E8A9FC69DBDF}.Debug|x64.ActiveCfg = Debug|x64
		{5976F311-686D-4782-A24B-E8A9FC69DBDF}.Debug|x64.Build.0 = Debug|x64
		{5976F311-686D-4782-A24B-E8A9FC69DBDF}.Debug|x86.ActiveCfg = Debug|Win32
		{5976F311-686D-4782-A24B-E8A9FC69DBDF}.Debug|x86.Build.0 = Debug|Win32
		{5976F311-686D-4782-A24B-E8A9FC69DBDF}.Release|x64.ActiveCfg = Release|x64
		{5976F311-686D-4782-A24B-E8A9FC69DBDF}.Release|x64.Build.0 = Release|x64
		{5976F311-686D-4782-A24B-E8A9FC69DBDF}.Release|x86.ActiveCfg = Release|Win32
		{5976F311-686D-4782-A24B-E8A9FC69DBDF}.Release|x86.Build.0 = Release|Win32
		{AE628AD6-BC0F-48AA-B184-CD7429639B91}.Debug|x64.ActiveCfg = Debug|x64
		{AE628AD6-BC0F-48AA-B184-CD7429639B91}.Debug|x64.Build.0 = Debug|x64
		{AE628AD6-BC0F-48AA-B184-CD7429639B91}.Debug|x86.ActiveCfg = Debug|Win32
		{AE628AD6-BC0F-48AA-B184-CD7429639B91}.Debug|x86.Build.0 = Debug|Win32
		{AE628AD6-BC0F-48AA-B184-CD7429639B91}.Release|x64.ActiveCfg = Release|x64
		{AE628AD6-BC0F-48AA-B184-CD7429639B91}.Release|x64.Build.0 = Release|x64
		{AE628AD6-BC0F-48AA-B184-CD7429639B91}.Release|x86.ActiveCfg = Release|Win32
		{AE628AD6-BC0F-48AA-B184-CD7429639B91}.Release|x86.Build.0 = Release|Win32
		{359E5D4F-D17F-4CC4-8632-184B0BFB6D29}.Debug|x64.ActiveCfg = Debug|x64
		{359E5D4F-D17F-4CC4-8632-184B0BFB6D29}.Debug|x64.Build.0 = Debug|x64
		{359E5D4F-D17F-4CC4-8632-184B0BFB6D29}.Debug|x86.ActiveCfg = Debug|Win32
		{359E5D4F-D17F-4CC4-8632-184B0BFB6D29}.Debug|x86.Build.0 = Debug|Win32
		{359E5D4F-D17F-4CC4-8632-184B0BFB6D29}.Release|x64.ActiveCfg = Release|x64
		{359E5D4F-D17F-4CC4-8632-184B0BFB6D29}.Release|x64.Build.0 = Release|x64
		{359E5D4F-D17F-4CC4-8632-184B0BFB6D29}.Release|x86.ActiveCfg = Release|Win32
		{359E5D4F-D17F-4CC4-8632-184B0BFB6D29}.Release|x86.Build.0 = Release|Win32
		{EDB0EE49-CE1F-427C-B4DE-27776B5A4781}.Debug|x64.ActiveCfg = Debug|x64
		{EDB0EE49-CE1F-427C-B4DE-27776B5A4781}.Debug|x64.Build.0 = Debug|x64
		{EDB0EE49-CE1F-427C-B4DE-27776B5A4781}.Debug|x86.ActiveCfg = Debug|Win32
		{EDB0EE49-CE1F-427C-B4DE-27776B5A4781}.Debug|x86.Build.0 = Debug|Win32
		{EDB0EE49-CE1F-427C-B4DE-27776B5A4781}.Release|x64.ActiveCfg = Release|x64
		{EDB0EE49-CE1F-427C-B4DE-27776B5A4781}.Release|x64.Build.0 = Release|x64
		{EDB0EE49-CE1F-427C-B4DE-27776B5A4781}.Release|x86.ActiveCfg = Release|Win32
		{EDB0EE49-CE1F-427C-B4DE-27776B5A4781}.Release|x86.Build.0 = Release|Win32
		{9DAA0C7C-1B77-444A-8AFC-CFCC2EBEABF3}.Debug|x64.ActiveCfg = Debug|x64
		{9DAA0C7C-1B77-444A-8AFC-CFCC2EBEABF3}.Debug|x64.Build.0 = Debug|x64
		{9DAA0C7C-1B77-444A-8AFC-CFCC2EBEABF3}.Debug|x86.ActiveCfg = Debug|Win32
		{9DAA0C7C-1B77-444A-8AFC-CFCC2EBEABF3}.Debug|x86.Build.0 = Debug|Win32
		{9DAA0C7C-1B77-444A-8AFC-CFCC2EBEABF3}.Release|x64.ActiveCfg = Release|x64
		{9DAA0C7C-1B77-444A-8AFC-CFCC2EBEABF3}.Release|x64.Build.0 = Release|x64
		{9DAA0C7C-1B77-444A-8AFC-CFCC2EBEABF3}.Release|x86.ActiveCfg = Release|Win32
		{9DAA0C7C-1B77-444A-8AFC-CFCC2EBEABF3}.Release|x86.Build.0 = Release|Win32
		{752A08BF-A0B1-4F25-AFA1-9C082DA86082}.Debug|x64.ActiveCfg = Debug|x64
		{752A08BF-A0B1-4F25-AFA1-9C082DA86082}.Debug|x64.Build.0 = Debug|x64
		{752A08BF-A0B1-4F25-AFA1-9C082DA86082}.Debug|x86.ActiveCfg = Debug|Win32
		{752A08BF-A0B1-4F25-AFA1-9C082DA86082}.Debug|x86.Build.0 = Debug|Win32
		{752A08BF-A0B1-4F25-AFA1-9C082DA86082}.Release|x64.ActiveCfg = Release|x64
		{752A08BF-A0B1-4F25-AFA1-9C082DA86082}.Release|x64.Build.0 = Release|x64
		{752A08BF-A0B1-4F25-AFA1-9C082DA86082}.Release|x86.ActiveCfg = Release|Win32
		{752A08BF-A0B1-4F25-AFA1-9C082DA86082}.Release|x86.Build.0 = Release|Win32
		{7B7D72D1-8582-40FA-8F3A-75CE944D889C}.Debug|x64.ActiveCfg = Debug|x64
		{7B7D72D1-8582-40FA-8F3A-75CE944D889C}.Debug|x64.Build.0 = Debug|x64
		{7B7D72D1-8582-40FA-8F3A-75CE944D889C}.Debug|x86.ActiveCfg = Debug|Win32
		{7B7D72D1-8582-40FA-8F3A-75CE944D889C}.Debug|x86.Build.0 = Debug|Win32
		{7B7D72D1-8582-40FA-8F3A-75CE944D889C}.Release|x64.ActiveCfg = Release|x64
		{7B7D72D1-8582-40FA-8F3A-75CE944D889C}.Release|x64.Build.0 = Release|x64
		{7B7D72D1-8582-40FA-8F3A-75CE944D889C}.Release|x86.ActiveCfg = Release|Win32
		{7B7D72D1-8582-40FA-8F3A-75CE944D889C}.Release|x86.Build.0 = Release|Win32
	EndGlobalSection
	GlobalSection(SolutionProperties) = preSolution
		HideSolutionNode = FALSE
	EndGlobalSection
	GlobalSection(ExtensibilityGlobals) = postSolution
		SolutionGuid = {0AF1D79D-CF05-47EB-9312-EC878FB27041}
	EndGlobalSection
EndGlobal
